
Microsoft Visual Studio Solution File, Format Version 12.00
# Visual Studio Version 17
VisualStudioVersion = 17.14.36811.4 d17.14
MinimumVisualStudioVersion = 10.0.40219.1
Project("{FAE04EC0-301F-11D3-BF4B-00C04F79EFBC}") = "Ecozoloproduct", "Ecozoloproduct\Ecozoloproduct.csproj", "{F283F6F2-99AE-4848-B273-772AB98DB9EE}"
EndProject
Global
	GlobalSection(SolutionConfigurationPlatforms) = preSolution
		Debug|Any CPU = Debug|Any CPU
		Release|Any CPU = Release|Any CPU
	EndGlobalSection
	GlobalSection(ProjectConfigurationPlatforms) = postSolution
		{F283F6F2-99AE-4848-B273-772AB98DB9EE}.Debug|Any CPU.ActiveCfg = Debug|Any CPU
		{F283F6F2-99AE-4848-B273-772AB98DB9EE}.Debug|Any CPU.Build.0 = Debug|Any CPU
		{F283F6F2-99AE-4848-B273-772AB98DB9EE}.Release|Any CPU.ActiveCfg = Release|Any CPU
		{F283F6F2-99AE-4848-B273-772AB98DB9EE}.Release|Any CPU.Build.0 = Release|Any CPU
	EndGlobalSection
	GlobalSection(SolutionProperties) = preSolution
		HideSolutionNode = FALSE
	EndGlobalSection
	GlobalSection(ExtensibilityGlobals) = postSolution
		SolutionGuid = {DDFB9A9E-80AB-4761-9235-DB65E0E16E85}
	EndGlobalSection
EndGlobal
